
Microsoft Visual Studio Solution File, Format Version 12.00
# Visual Studio 15
VisualStudioVersion = 15.0.26124.0
MinimumVisualStudioVersion = 15.0.26124.0
Project("{FAE04EC0-301F-11D3-BF4B-00C04F79EFBC}") = "Sula.Api", "Sula.Api\Sula.Api.csproj", "{AE257511-B9A3-4BD4-89C2-900F62C7F433}"
EndProject
Project("{FAE04EC0-301F-11D3-BF4B-00C04F79EFBC}") = "Sula.Api.Test.Integration", "Sula.Api.Test.Integration\Sula.Api.Test.Integration.csproj", "{41E568A4-8F4D-4AB0-B565-DA4623684C26}"
EndProject
Project("{FAE04EC0-301F-11D3-BF4B-00C04F79EFBC}") = "Sula.AzureFunctions", "Sula.AzureFunctions\Sula.AzureFunctions.csproj", "{2258F6EB-ADCF-4834-BCD9-DA956A6370FC}"
EndProject
Project("{FAE04EC0-301F-11D3-BF4B-00C04F79EFBC}") = "Sula.AzureFunctions.Test", "Sula.AzureFunctions.Test\Sula.AzureFunctions.Test.csproj", "{15E60153-7AE2-4BE6-BCAB-05FC0BE96078}"
EndProject
Project("{FAE04EC0-301F-11D3-BF4B-00C04F79EFBC}") = "Sula.Core", "Sula.Core\Sula.Core.csproj", "{DE0D0730-8051-4CBB-A136-B806BDDFFCEB}"
EndProject
Project("{FAE04EC0-301F-11D3-BF4B-00C04F79EFBC}") = "Sula.Core.Test", "Sula.Core.Test\Sula.Core.Test.csproj", "{7F5B6868-ADAC-4A6D-A5E0-16A4B722C3F6}"
EndProject
Project("{2150E333-8FDC-42A3-9474-1A3956D46DE8}") = "Tests", "Tests", "{9810F30E-C63A-46E7-8517-DDE28001DC44}"
EndProject
Global
	GlobalSection(SolutionConfigurationPlatforms) = preSolution
		Debug|Any CPU = Debug|Any CPU
		Debug|x64 = Debug|x64
		Debug|x86 = Debug|x86
		Release|Any CPU = Release|Any CPU
		Release|x64 = Release|x64
		Release|x86 = Release|x86
	EndGlobalSection
	GlobalSection(SolutionProperties) = preSolution
		HideSolutionNode = FALSE
	EndGlobalSection
	GlobalSection(ProjectConfigurationPlatforms) = postSolution
		{AE257511-B9A3-4BD4-89C2-900F62C7F433}.Debug|Any CPU.ActiveCfg = Debug|Any CPU
		{AE257511-B9A3-4BD4-89C2-900F62C7F433}.Debug|Any CPU.Build.0 = Debug|Any CPU
		{AE257511-B9A3-4BD4-89C2-900F62C7F433}.Debug|x64.ActiveCfg = Debug|Any CPU
		{AE257511-B9A3-4BD4-89C2-900F62C7F433}.Debug|x64.Build.0 = Debug|Any CPU
		{AE257511-B9A3-4BD4-89C2-900F62C7F433}.Debug|x86.ActiveCfg = Debug|Any CPU
		{AE257511-B9A3-4BD4-89C2-900F62C7F433}.Debug|x86.Build.0 = Debug|Any CPU
		{AE257511-B9A3-4BD4-89C2-900F62C7F433}.Release|Any CPU.ActiveCfg = Release|Any CPU
		{AE257511-B9A3-4BD4-89C2-900F62C7F433}.Release|Any CPU.Build.0 = Release|Any CPU
		{AE257511-B9A3-4BD4-89C2-900F62C7F433}.Release|x64.ActiveCfg = Release|Any CPU
		{AE257511-B9A3-4BD4-89C2-900F62C7F433}.Release|x64.Build.0 = Release|Any CPU
		{AE257511-B9A3-4BD4-89C2-900F62C7F433}.Release|x86.ActiveCfg = Release|Any CPU
		{AE257511-B9A3-4BD4-89C2-900F62C7F433}.Release|x86.Build.0 = Release|Any CPU
		{41E568A4-8F4D-4AB0-B565-DA4623684C26}.Debug|Any CPU.ActiveCfg = Debug|Any CPU
		{41E568A4-8F4D-4AB0-B565-DA4623684C26}.Debug|Any CPU.Build.0 = Debug|Any CPU
		{41E568A4-8F4D-4AB0-B565-DA4623684C26}.Debug|x64.ActiveCfg = Debug|Any CPU
		{41E568A4-8F4D-4AB0-B565-DA4623684C26}.Debug|x64.Build.0 = Debug|Any CPU
		{41E568A4-8F4D-4AB0-B565-DA4623684C26}.Debug|x86.ActiveCfg = Debug|Any CPU
		{41E568A4-8F4D-4AB0-B565-DA4623684C26}.Debug|x86.Build.0 = Debug|Any CPU
		{41E568A4-8F4D-4AB0-B565-DA4623684C26}.Release|Any CPU.ActiveCfg = Release|Any CPU
		{41E568A4-8F4D-4AB0-B565-DA4623684C26}.Release|Any CPU.Build.0 = Release|Any CPU
		{41E568A4-8F4D-4AB0-B565-DA4623684C26}.Release|x64.ActiveCfg = Release|Any CPU
		{41E568A4-8F4D-4AB0-B565-DA4623684C26}.Release|x64.Build.0 = Release|Any CPU
		{41E568A4-8F4D-4AB0-B565-DA4623684C26}.Release|x86.ActiveCfg = Release|Any CPU
		{41E568A4-8F4D-4AB0-B565-DA4623684C26}.Release|x86.Build.0 = Release|Any CPU
		{2258F6EB-ADCF-4834-BCD9-DA956A6370FC}.Debug|Any CPU.ActiveCfg = Debug|Any CPU
		{2258F6EB-ADCF-4834-BCD9-DA956A6370FC}.Debug|Any CPU.Build.0 = Debug|Any CPU
		{2258F6EB-ADCF-4834-BCD9-DA956A6370FC}.Debug|x64.ActiveCfg = Debug|Any CPU
		{2258F6EB-ADCF-4834-BCD9-DA956A6370FC}.Debug|x64.Build.0 = Debug|Any CPU
		{2258F6EB-ADCF-4834-BCD9-DA956A6370FC}.Debug|x86.ActiveCfg = Debug|Any CPU
		{2258F6EB-ADCF-4834-BCD9-DA956A6370FC}.Debug|x86.Build.0 = Debug|Any CPU
		{2258F6EB-ADCF-4834-BCD9-DA956A6370FC}.Release|Any CPU.ActiveCfg = Release|Any CPU
		{2258F6EB-ADCF-4834-BCD9-DA956A6370FC}.Release|Any CPU.Build.0 = Release|Any CPU
		{2258F6EB-ADCF-4834-BCD9-DA956A6370FC}.Release|x64.ActiveCfg = Release|Any CPU
		{2258F6EB-ADCF-4834-BCD9-DA956A6370FC}.Release|x64.Build.0 = Release|Any CPU
		{2258F6EB-ADCF-4834-BCD9-DA956A6370FC}.Release|x86.ActiveCfg = Release|Any CPU
		{2258F6EB-ADCF-4834-BCD9-DA956A6370FC}.Release|x86.Build.0 = Release|Any CPU
		{15E60153-7AE2-4BE6-BCAB-05FC0BE96078}.Debug|Any CPU.ActiveCfg = Debug|Any CPU
		{15E60153-7AE2-4BE6-BCAB-05FC0BE96078}.Debug|Any CPU.Build.0 = Debug|Any CPU
		{15E60153-7AE2-4BE6-BCAB-05FC0BE96078}.Debug|x64.ActiveCfg = Debug|Any CPU
		{15E60153-7AE2-4BE6-BCAB-05FC0BE96078}.Debug|x64.Build.0 = Debug|Any CPU
		{15E60153-7AE2-4BE6-BCAB-05FC0BE96078}.Debug|x86.ActiveCfg = Debug|Any CPU
		{15E60153-7AE2-4BE6-BCAB-05FC0BE96078}.Debug|x86.Build.0 = Debug|Any CPU
		{15E60153-7AE2-4BE6-BCAB-05FC0BE96078}.Release|Any CPU.ActiveCfg = Release|Any CPU
		{15E60153-7AE2-4BE6-BCAB-05FC0BE96078}.Release|Any CPU.Build.0 = Release|Any CPU
		{15E60153-7AE2-4BE6-BCAB-05FC0BE96078}.Release|x64.ActiveCfg = Release|Any CPU
		{15E60153-7AE2-4BE6-BCAB-05FC0BE96078}.Release|x64.Build.0 = Release|Any CPU
		{15E60153-7AE2-4BE6-BCAB-05FC0BE96078}.Release|x86.ActiveCfg = Release|Any CPU
		{15E60153-7AE2-4BE6-BCAB-05FC0BE96078}.Release|x86.Build.0 = Release|Any CPU
		{DE0D0730-8051-4CBB-A136-B806BDDFFCEB}.Debug|Any CPU.ActiveCfg = Debug|Any CPU
		{DE0D0730-8051-4CBB-A136-B806BDDFFCEB}.Debug|Any CPU.Build.0 = Debug|Any CPU
		{DE0D0730-8051-4CBB-A136-B806BDDFFCEB}.Debug|x64.ActiveCfg = Debug|Any CPU
		{DE0D0730-8051-4CBB-A136-B806BDDFFCEB}.Debug|x64.Build.0 = Debug|Any CPU
		{DE0D0730-8051-4CBB-A136-B806BDDFFCEB}.Debug|x86.ActiveCfg = Debug|Any CPU
		{DE0D0730-8051-4CBB-A136-B806BDDFFCEB}.Debug|x86.Build.0 = Debug|Any CPU
		{DE0D0730-8051-4CBB-A136-B806BDDFFCEB}.Release|Any CPU.ActiveCfg = Release|Any CPU
		{DE0D0730-8051-4CBB-A136-B806BDDFFCEB}.Release|Any CPU.Build.0 = Release|Any CPU
		{DE0D0730-8051-4CBB-A136-B806BDDFFCEB}.Release|x64.ActiveCfg = Release|Any CPU
		{DE0D0730-8051-4CBB-A136-B806BDDFFCEB}.Release|x64.Build.0 = Release|Any CPU
		{DE0D0730-8051-4CBB-A136-B806BDDFFCEB}.Release|x86.ActiveCfg = Release|Any CPU
		{DE0D0730-8051-4CBB-A136-B806BDDFFCEB}.Release|x86.Build.0 = Release|Any CPU
		{7F5B6868-ADAC-4A6D-A5E0-16A4B722C3F6}.Debug|Any CPU.ActiveCfg = Debug|Any CPU
		{7F5B6868-ADAC-4A6D-A5E0-16A4B722C3F6}.Debug|Any CPU.Build.0 = Debug|Any CPU
		{7F5B6868-ADAC-4A6D-A5E0-16A4B722C3F6}.Debug|x64.ActiveCfg = Debug|Any CPU
		{7F5B6868-ADAC-4A6D-A5E0-16A4B722C3F6}.Debug|x64.Build.0 = Debug|Any CPU
		{7F5B6868-ADAC-4A6D-A5E0-16A4B722C3F6}.Debug|x86.ActiveCfg = Debug|Any CPU
		{7F5B6868-ADAC-4A6D-A5E0-16A4B722C3F6}.Debug|x86.Build.0 = Debug|Any CPU
		{7F5B6868-ADAC-4A6D-A5E0-16A4B722C3F6}.Release|Any CPU.ActiveCfg = Release|Any CPU
		{7F5B6868-ADAC-4A6D-A5E0-16A4B722C3F6}.Release|Any CPU.Build.0 = Release|Any CPU
		{7F5B6868-ADAC-4A6D-A5E0-16A4B722C3F6}.Release|x64.ActiveCfg = Release|Any CPU
		{7F5B6868-ADAC-4A6D-A5E0-16A4B722C3F6}.Release|x64.Build.0 = Release|Any CPU
		{7F5B6868-ADAC-4A6D-A5E0-16A4B722C3F6}.Release|x86.ActiveCfg = Release|Any CPU
		{7F5B6868-ADAC-4A6D-A5E0-16A4B722C3F6}.Release|x86.Build.0 = Release|Any CPU
		{F8CB5451-4CD3-49CE-BFA2-08E7DF9C1A7F}.Debug|Any CPU.ActiveCfg = Debug|Any CPU
		{F8CB5451-4CD3-49CE-BFA2-08E7DF9C1A7F}.Debug|Any CPU.Build.0 = Debug|Any CPU
		{F8CB5451-4CD3-49CE-BFA2-08E7DF9C1A7F}.Debug|x64.ActiveCfg = Debug|Any CPU
		{F8CB5451-4CD3-49CE-BFA2-08E7DF9C1A7F}.Debug|x64.Build.0 = Debug|Any CPU
		{F8CB5451-4CD3-49CE-BFA2-08E7DF9C1A7F}.Debug|x86.ActiveCfg = Debug|Any CPU
		{F8CB5451-4CD3-49CE-BFA2-08E7DF9C1A7F}.Debug|x86.Build.0 = Debug|Any CPU
		{F8CB5451-4CD3-49CE-BFA2-08E7DF9C1A7F}.Release|Any CPU.ActiveCfg = Release|Any CPU
		{F8CB5451-4CD3-49CE-BFA2-08E7DF9C1A7F}.Release|Any CPU.Build.0 = Release|Any CPU
		{F8CB5451-4CD3-49CE-BFA2-08E7DF9C1A7F}.Release|x64.ActiveCfg = Release|Any CPU
		{F8CB5451-4CD3-49CE-BFA2-08E7DF9C1A7F}.Release|x64.Build.0 = Release|Any CPU
		{F8CB5451-4CD3-49CE-BFA2-08E7DF9C1A7F}.Release|x86.ActiveCfg = Release|Any CPU
		{F8CB5451-4CD3-49CE-BFA2-08E7DF9C1A7F}.Release|x86.Build.0 = Release|Any CPU
	EndGlobalSection
	GlobalSection(NestedProjects) = preSolution
		{41E568A4-8F4D-4AB0-B565-DA4623684C26} = {9810F30E-C63A-46E7-8517-DDE28001DC44}
		{15E60153-7AE2-4BE6-BCAB-05FC0BE96078} = {9810F30E-C63A-46E7-8517-DDE28001DC44}
		{7F5B6868-ADAC-4A6D-A5E0-16A4B722C3F6} = {9810F30E-C63A-46E7-8517-DDE28001DC44}
	EndGlobalSection
EndGlobal
